
Microsoft Visual Studio Solution File, Format Version 12.00
# Visual Studio Version 17
VisualStudioVersion = 17.6.33723.286
MinimumVisualStudioVersion = 10.0.40219.1
Project("{2150E333-8FDC-42A3-9474-1A3956D46DE8}") = "Apps", "Apps", "{6315E833-7E31-466E-9D84-D292E787EA87}"
EndProject
Project("{2150E333-8FDC-42A3-9474-1A3956D46DE8}") = "Foundation", "Foundation", "{DAF565A1-B43B-44A4-9AA5-B1B812B366B2}"
EndProject
Project("{2150E333-8FDC-42A3-9474-1A3956D46DE8}") = "src", "src", "{1B92ED2B-E5A6-4E92-A344-6D2EBEE2786D}"
EndProject
Project("{2150E333-8FDC-42A3-9474-1A3956D46DE8}") = "Infrastructure", "Infrastructure", "{6FC9B5FD-09FB-4D75-84D9-8BA7D712ACFA}"
EndProject
Project("{9A19103F-16F7-4668-BE54-9A1E7A4F7556}") = "CMS.Foundation.Infrastructure", "src\Foundations\CMS.Foundation.Infrastructure\CMS.Foundation.Infrastructure.csproj", "{09B1F6C9-EC8A-494D-81AF-1CF152110B95}"
EndProject
Project("{2150E333-8FDC-42A3-9474-1A3956D46DE8}") = "CMSConfigurationApp", "CMSConfigurationApp", "{45F1BE0D-4D42-42B3-A4C2-C438CF44D99F}"
EndProject
Project("{9A19103F-16F7-4668-BE54-9A1E7A4F7556}") = "ConfigurableCMS", "src\Apps\ConfigurableCMS\ConfigurableCMS.csproj", "{2D3B5015-F8CA-45E4-8DFB-4987031DD0D7}"
EndProject
Project("{2150E333-8FDC-42A3-9474-1A3956D46DE8}") = "ServerServices", "ServerServices", "{06FEDF70-A9F6-46AF-8E58-4F36A56BBECD}"
EndProject
Project("{2150E333-8FDC-42A3-9474-1A3956D46DE8}") = "SQLServer", "SQLServer", "{1B5BB8F6-464B-4BD5-A5AD-8F9DD6F29677}"
EndProject
Project("{2150E333-8FDC-42A3-9474-1A3956D46DE8}") = "ClientServices", "ClientServices", "{37DE824A-C0CA-4BAE-A6F1-42AADE10CFED}"
EndProject
Project("{2150E333-8FDC-42A3-9474-1A3956D46DE8}") = "Stores", "Stores", "{A9811A36-CFFF-42AC-9CA6-C4F6121749A2}"
EndProject
Project("{9A19103F-16F7-4668-BE54-9A1E7A4F7556}") = "CMS.Client.Services.EntityDefinition", "src\ClientServices\Stores\EntityDefinition\CMS.Client.Services.EntityDefinition.csproj", "{1C8F3387-601D-442A-B05C-F71165177BEF}"
EndProject
Project("{9A19103F-16F7-4668-BE54-9A1E7A4F7556}") = "CMS.Server.Services.SQLServer", "src\ServerServices\SQLServer\CMS.Server.Services.SQLServer.csproj", "{3C59B39A-96F2-489D-9872-2FE35E9EA7D9}"
EndProject
Project("{2150E333-8FDC-42A3-9474-1A3956D46DE8}") = "Components", "Components", "{EE861AFC-4F45-4C50-BEA4-94DBB05EEBFA}"
EndProject
Project("{2150E333-8FDC-42A3-9474-1A3956D46DE8}") = "CMSComponents", "CMSComponents", "{4E2432F6-BCB6-4CB0-98D7-EE1C73D8E352}"
EndProject
Project("{9A19103F-16F7-4668-BE54-9A1E7A4F7556}") = "CMS.Client.UI.CMSComponents", "src\UI\CMSSystemComponents\CMS.Client.UI.CMSComponents.csproj", "{2A475FB5-3E1C-405A-9F96-E1A80C8DE6EE}"
EndProject
Project("{9A19103F-16F7-4668-BE54-9A1E7A4F7556}") = "CMSConfigurationlazorApp", "CMSConfigurationlazorApp\CMSConfigurationlazorApp.csproj", "{20254368-BC19-40C6-B176-01A918E32990}"
EndProject
Project("{2150E333-8FDC-42A3-9474-1A3956D46DE8}") = "Transports", "Transports", "{A4297539-8FBE-478F-83A9-9ADF11CCA941}"
EndProject
Project("{FAE04EC0-301F-11D3-BF4B-00C04F79EFBC}") = "CMS.Grpc.SQLServer", "CMS.Grpc.SQLServer\CMS.Grpc.SQLServer.csproj", "{29528759-1D40-4EC4-8790-9F4F6973E63E}"
EndProject
Global
	GlobalSection(SolutionConfigurationPlatforms) = preSolution
		Debug|Any CPU = Debug|Any CPU
		Release|Any CPU = Release|Any CPU
	EndGlobalSection
	GlobalSection(ProjectConfigurationPlatforms) = postSolution
		{09B1F6C9-EC8A-494D-81AF-1CF152110B95}.Debug|Any CPU.ActiveCfg = Debug|Any CPU
		{09B1F6C9-EC8A-494D-81AF-1CF152110B95}.Debug|Any CPU.Build.0 = Debug|Any CPU
		{09B1F6C9-EC8A-494D-81AF-1CF152110B95}.Release|Any CPU.ActiveCfg = Release|Any CPU
		{09B1F6C9-EC8A-494D-81AF-1CF152110B95}.Release|Any CPU.Build.0 = Release|Any CPU
		{2D3B5015-F8CA-45E4-8DFB-4987031DD0D7}.Debug|Any CPU.ActiveCfg = Debug|Any CPU
		{2D3B5015-F8CA-45E4-8DFB-4987031DD0D7}.Debug|Any CPU.Build.0 = Debug|Any CPU
		{2D3B5015-F8CA-45E4-8DFB-4987031DD0D7}.Release|Any CPU.ActiveCfg = Release|Any CPU
		{2D3B5015-F8CA-45E4-8DFB-4987031DD0D7}.Release|Any CPU.Build.0 = Release|Any CPU
		{1C8F3387-601D-442A-B05C-F71165177BEF}.Debug|Any CPU.ActiveCfg = Debug|Any CPU
		{1C8F3387-601D-442A-B05C-F71165177BEF}.Debug|Any CPU.Build.0 = Debug|Any CPU
		{1C8F3387-601D-442A-B05C-F71165177BEF}.Release|Any CPU.ActiveCfg = Release|Any CPU
		{1C8F3387-601D-442A-B05C-F71165177BEF}.Release|Any CPU.Build.0 = Release|Any CPU
		{3C59B39A-96F2-489D-9872-2FE35E9EA7D9}.Debug|Any CPU.ActiveCfg = Debug|Any CPU
		{3C59B39A-96F2-489D-9872-2FE35E9EA7D9}.Debug|Any CPU.Build.0 = Debug|Any CPU
		{3C59B39A-96F2-489D-9872-2FE35E9EA7D9}.Release|Any CPU.ActiveCfg = Release|Any CPU
		{3C59B39A-96F2-489D-9872-2FE35E9EA7D9}.Release|Any CPU.Build.0 = Release|Any CPU
		{2A475FB5-3E1C-405A-9F96-E1A80C8DE6EE}.Debug|Any CPU.ActiveCfg = Debug|Any CPU
		{2A475FB5-3E1C-405A-9F96-E1A80C8DE6EE}.Debug|Any CPU.Build.0 = Debug|Any CPU
		{2A475FB5-3E1C-405A-9F96-E1A80C8DE6EE}.Release|Any CPU.ActiveCfg = Release|Any CPU
		{2A475FB5-3E1C-405A-9F96-E1A80C8DE6EE}.Release|Any CPU.Build.0 = Release|Any CPU
		{20254368-BC19-40C6-B176-01A918E32990}.Debug|Any CPU.ActiveCfg = Debug|Any CPU
		{20254368-BC19-40C6-B176-01A918E32990}.Debug|Any CPU.Build.0 = Debug|Any CPU
		{20254368-BC19-40C6-B176-01A918E32990}.Release|Any CPU.ActiveCfg = Release|Any CPU
		{20254368-BC19-40C6-B176-01A918E32990}.Release|Any CPU.Build.0 = Release|Any CPU
		{29528759-1D40-4EC4-8790-9F4F6973E63E}.Debug|Any CPU.ActiveCfg = Debug|Any CPU
		{29528759-1D40-4EC4-8790-9F4F6973E63E}.Debug|Any CPU.Build.0 = Debug|Any CPU
		{29528759-1D40-4EC4-8790-9F4F6973E63E}.Release|Any CPU.ActiveCfg = Release|Any CPU
		{29528759-1D40-4EC4-8790-9F4F6973E63E}.Release|Any CPU.Build.0 = Release|Any CPU
	EndGlobalSection
	GlobalSection(SolutionProperties) = preSolution
		HideSolutionNode = FALSE
	EndGlobalSection
	GlobalSection(NestedProjects) = preSolution
		{6315E833-7E31-466E-9D84-D292E787EA87} = {1B92ED2B-E5A6-4E92-A344-6D2EBEE2786D}
		{DAF565A1-B43B-44A4-9AA5-B1B812B366B2} = {1B92ED2B-E5A6-4E92-A344-6D2EBEE2786D}
		{6FC9B5FD-09FB-4D75-84D9-8BA7D712ACFA} = {DAF565A1-B43B-44A4-9AA5-B1B812B366B2}
		{09B1F6C9-EC8A-494D-81AF-1CF152110B95} = {6FC9B5FD-09FB-4D75-84D9-8BA7D712ACFA}
		{45F1BE0D-4D42-42B3-A4C2-C438CF44D99F} = {6315E833-7E31-466E-9D84-D292E787EA87}
		{2D3B5015-F8CA-45E4-8DFB-4987031DD0D7} = {45F1BE0D-4D42-42B3-A4C2-C438CF44D99F}
		{06FEDF70-A9F6-46AF-8E58-4F36A56BBECD} = {1B92ED2B-E5A6-4E92-A344-6D2EBEE2786D}
		{1B5BB8F6-464B-4BD5-A5AD-8F9DD6F29677} = {06FEDF70-A9F6-46AF-8E58-4F36A56BBECD}
		{37DE824A-C0CA-4BAE-A6F1-42AADE10CFED} = {1B92ED2B-E5A6-4E92-A344-6D2EBEE2786D}
		{A9811A36-CFFF-42AC-9CA6-C4F6121749A2} = {37DE824A-C0CA-4BAE-A6F1-42AADE10CFED}
		{1C8F3387-601D-442A-B05C-F71165177BEF} = {A9811A36-CFFF-42AC-9CA6-C4F6121749A2}
		{3C59B39A-96F2-489D-9872-2FE35E9EA7D9} = {1B5BB8F6-464B-4BD5-A5AD-8F9DD6F29677}
		{EE861AFC-4F45-4C50-BEA4-94DBB05EEBFA} = {1B92ED2B-E5A6-4E92-A344-6D2EBEE2786D}
		{4E2432F6-BCB6-4CB0-98D7-EE1C73D8E352} = {EE861AFC-4F45-4C50-BEA4-94DBB05EEBFA}
		{2A475FB5-3E1C-405A-9F96-E1A80C8DE6EE} = {4E2432F6-BCB6-4CB0-98D7-EE1C73D8E352}
		{20254368-BC19-40C6-B176-01A918E32990} = {45F1BE0D-4D42-42B3-A4C2-C438CF44D99F}
		{A4297539-8FBE-478F-83A9-9ADF11CCA941} = {06FEDF70-A9F6-46AF-8E58-4F36A56BBECD}
		{29528759-1D40-4EC4-8790-9F4F6973E63E} = {A4297539-8FBE-478F-83A9-9ADF11CCA941}
	EndGlobalSection
	GlobalSection(ExtensibilityGlobals) = postSolution
		SolutionGuid = {E065D21C-DF6C-4030-99A6-FAFCA86B66D4}
	EndGlobalSection
EndGlobal
